
Microsoft Visual Studio Solution File, Format Version 12.00
# Visual Studio Version 17
VisualStudioVersion = 17.11.35208.52
MinimumVisualStudioVersion = 10.0.40219.1
Project("{FAE04EC0-301F-11D3-BF4B-00C04F79EFBC}") = "text strory", "text strory\text strory.csproj", "{C9B79010-FF02-4B1B-8620-83536D062B54}"
EndProject
Global
	GlobalSection(SolutionConfigurationPlatforms) = preSolution
		Debug|Any CPU = Debug|Any CPU
		Release|Any CPU = Release|Any CPU
	EndGlobalSection
	GlobalSection(ProjectConfigurationPlatforms) = postSolution
		{C9B79010-FF02-4B1B-8620-83536D062B54}.Debug|Any CPU.ActiveCfg = Debug|Any CPU
		{C9B79010-FF02-4B1B-8620-83536D062B54}.Debug|Any CPU.Build.0 = Debug|Any CPU
		{C9B79010-FF02-4B1B-8620-83536D062B54}.Release|Any CPU.ActiveCfg = Release|Any CPU
		{C9B79010-FF02-4B1B-8620-83536D062B54}.Release|Any CPU.Build.0 = Release|Any CPU
	EndGlobalSection
	GlobalSection(SolutionProperties) = preSolution
		HideSolutionNode = FALSE
	EndGlobalSection
	GlobalSection(ExtensibilityGlobals) = postSolution
		SolutionGuid = {70EFD6BD-CEC6-4D0D-A209-0FA114FDB6D7}
	EndGlobalSection
EndGlobal
